
Microsoft Visual Studio Solution File, Format Version 12.00
# Visual Studio 2012
Project("{FAE04EC0-301F-11D3-BF4B-00C04F79EFBC}") = "MineSolver", "MineSolver\MineSolver.csproj", "{71515C6F-6767-4BC1-984F-B65C04FBBE4C}"
EndProject
Global
	GlobalSection(SolutionConfigurationPlatforms) = preSolution
		Debug|Any CPU = Debug|Any CPU
		Release|Any CPU = Release|Any CPU
	EndGlobalSection
	GlobalSection(ProjectConfigurationPlatforms) = postSolution
		{71515C6F-6767-4BC1-984F-B65C04FBBE4C}.Debug|Any CPU.ActiveCfg = Debug|Any CPU
		{71515C6F-6767-4BC1-984F-B65C04FBBE4C}.Debug|Any CPU.Build.0 = Debug|Any CPU
		{71515C6F-6767-4BC1-984F-B65C04FBBE4C}.Release|Any CPU.ActiveCfg = Release|Any CPU
		{71515C6F-6767-4BC1-984F-B65C04FBBE4C}.Release|Any CPU.Build.0 = Release|Any CPU
	EndGlobalSection
	GlobalSection(SolutionProperties) = preSolution
		HideSolutionNode = FALSE
	EndGlobalSection
EndGlobal
